github.com/ross-spencer/spargo v0.0.0-20210121220742-65c5af4893a5 h1:F0Y/8f91/A/6TrAEHMvg9Bqzr1OXo3OcBWFGndpiy/s=
github.com/ross-spencer/spargo v0.0.0-20210121220742-65c5af4893a5/go.mod h1:5mytCwysAzmwG9GJTFD7GR8+ZrhStjTOe3krU9Rlm8c=
github.com/ross-spencer/spargo v0.0.0-20210123000501-0cc7c4fdc596 h1:fxkG2KPLIqevkawIu06Sh27avIYApU+Y8kqKoh9wSjA=
github.com/ross-spencer/spargo v0.0.0-20210123000501-0cc7c4fdc596/go.mod h1:5mytCwysAzmwG9GJTFD7GR8+ZrhStjTOe3krU9Rlm8c=
